// !$*UTF8*$!
{
	archiveVersion = 1;
	classes = {
	};
	objectVersion = 50;
	objects = {

/* Begin PBXBuildFile section */
		8C8E77F1238846B8003F8583 /* AppDelegate.swift in Sources */ = {isa = PBXBuildFile; fileRef = 8C8E77F0238846B8003F8583 /* AppDelegate.swift */; };
		8C8E77F5238846B8003F8583 /* ViewController.swift in Sources */ = {isa = PBXBuildFile; fileRef = 8C8E77F4238846B8003F8583 /* ViewController.swift */; };
		8C8E77F8238846B8003F8583 /* Main.storyboard in Resources */ = {isa = PBXBuildFile; fileRef = 8C8E77F6238846B8003F8583 /* Main.storyboard */; };
		8C8E77FA238846B9003F8583 /* Assets.xcassets in Resources */ = {isa = PBXBuildFile; fileRef = 8C8E77F9238846B9003F8583 /* Assets.xcassets */; };
		8C8E77FD238846B9003F8583 /* LaunchScreen.storyboard in Resources */ = {isa = PBXBuildFile; fileRef = 8C8E77FB238846B9003F8583 /* LaunchScreen.storyboard */; };
		8C8E7808238846B9003F8583 /* BAC_CalculatorTests.swift in Sources */ = {isa = PBXBuildFile; fileRef = 8C8E7807238846B9003F8583 /* BAC_CalculatorTests.swift */; };
		8C8E7813238846B9003F8583 /* BAC_CalculatorUITests.swift in Sources */ = {isa = PBXBuildFile; fileRef = 8C8E7812238846B9003F8583 /* BAC_CalculatorUITests.swift */; };
/* End PBXBuildFile section */

/* Begin PBXContainerItemProxy section */
		8C8E7804238846B9003F8583 /* PBXContainerItemProxy */ = {
			isa = PBXContainerItemProxy;
			containerPortal = 8C8E77E5238846B8003F8583 /* Project object */;
			proxyType = 1;
			remoteGlobalIDString = 8C8E77EC238846B8003F8583;
			remoteInfo = "BAC Calculator";
		};
		8C8E780F238846B9003F8583 /* PBXContainerItemProxy */ = {
			isa = PBXContainerItemProxy;
			containerPortal = 8C8E77E5238846B8003F8583 /* Project object */;
			proxyType = 1;
			remoteGlobalIDString = 8C8E77EC238846B8003F8583;
			remoteInfo = "BAC Calculator";
		};
/* End PBXContainerItemProxy section */

/* Begin PBXFileReference section */
		8C8E77ED238846B8003F8583 /* BAC Calculator.app */ = {isa = PBXFileReference; explicitFileType = wrapper.application; includeInIndex = 0; path = "BAC Calculator.app"; sourceTree = BUILT_PRODUCTS_DIR; };
		8C8E77F0238846B8003F8583 /* AppDelegate.swift */ = {isa = PBXFileReference; lastKnownFileType = sourcecode.swift; path = AppDelegate.swift; sourceTree = "<group>"; };
		8C8E77F4238846B8003F8583 /* ViewController.swift */ = {isa = PBXFileReference; lastKnownFileType = sourcecode.swift; path = ViewController.swift; sourceTree = "<group>"; };
		8C8E77F7238846B8003F8583 /* Base */ = {isa = PBXFileReference; lastKnownFileType = file.storyboard; name = Base; path = Base.lproj/Main.storyboard; sourceTree = "<group>"; };
		8C8E77F9238846B9003F8583 /* Assets.xcassets */ = {isa = PBXFileReference; lastKnownFileType = folder.assetcatalog; path = Assets.xcassets; sourceTree = "<group>"; };
		8C8E77FC238846B9003F8583 /* Base */ = {isa = PBXFileReference; lastKnownFileType = file.storyboard; name = Base; path = Base.lproj/LaunchScreen.storyboard; sourceTree = "<group>"; };
		8C8E77FE238846B9003F8583 /* Info.plist */ = {isa = PBXFileReference; lastKnownFileType = text.plist.xml; path = Info.plist; sourceTree = "<group>"; };
		8C8E7803238846B9003F8583 /* BAC CalculatorTests.xctest */ = {isa = PBXFileReference; explicitFileType = wrapper.cfbundle; includeInIndex = 0; path = "BAC CalculatorTests.xctest"; sourceTree = BUILT_PRODUCTS_DIR; };
		8C8E7807238846B9003F8583 /* BAC_CalculatorTests.swift */ = {isa = PBXFileReference; lastKnownFileType = sourcecode.swift; path = BAC_CalculatorTests.swift; sourceTree = "<group>"; };
		8C8E7809238846B9003F8583 /* Info.plist */ = {isa = PBXFileReference; lastKnownFileType = text.plist.xml; path = Info.plist; sourceTree = "<group>"; };
		8C8E780E238846B9003F8583 /* BAC CalculatorUITests.xctest */ = {isa = PBXFileReference; explicitFileType = wrapper.cfbundle; includeInIndex = 0; path = "BAC CalculatorUITests.xctest"; sourceTree = BUILT_PRODUCTS_DIR; };
		8C8E7812238846B9003F8583 /* BAC_CalculatorUITests.swift */ = {isa = PBXFileReference; lastKnownFileType = sourcecode.swift; path = BAC_CalculatorUITests.swift; sourceTree = "<group>"; };
		8C8E7814238846B9003F8583 /* Info.plist */ = {isa = PBXFileReference; lastKnownFileType = text.plist.xml; path = Info.plist; sourceTree = "<group>"; };
/* End PBXFileReference section */

/* Begin PBXFrameworksBuildPhase section */
		8C8E77EA238846B8003F8583 /* Frameworks */ = {
			isa = PBXFrameworksBuildPhase;
			buildActionMask = 2147483647;
			files = (
			);
			runOnlyForDeploymentPostprocessing = 0;
		};
		8C8E7800238846B9003F8583 /* Frameworks */ = {
			isa = PBXFrameworksBuildPhase;
			buildActionMask = 2147483647;
			files = (
			);
			runOnlyForDeploymentPostprocessing = 0;
		};
		8C8E780B238846B9003F8583 /* Frameworks */ = {
			isa = PBXFrameworksBuildPhase;
			buildActionMask = 2147483647;
			files = (
			);
			runOnlyForDeploymentPostprocessing = 0;
		};
/* End PBXFrameworksBuildPhase section */

/* Begin PBXGroup section */
		8C8E77E4238846B8003F8583 = {
			isa = PBXGroup;
			children = (
				8C8E77EF238846B8003F8583 /* BAC Calculator */,
				8C8E7806238846B9003F8583 /* BAC CalculatorTests */,
				8C8E7811238846B9003F8583 /* BAC CalculatorUITests */,
				8C8E77EE238846B8003F8583 /* Products */,
			);
			sourceTree = "<group>";
		};
		8C8E77EE238846B8003F8583 /* Products */ = {
			isa = PBXGroup;
			children = (
				8C8E77ED238846B8003F8583 /* BAC Calculator.app */,
				8C8E7803238846B9003F8583 /* BAC CalculatorTests.xctest */,
				8C8E780E238846B9003F8583 /* BAC CalculatorUITests.xctest */,
			);
			name = Products;
			sourceTree = "<group>";
		};
		8C8E77EF238846B8003F8583 /* BAC Calculator */ = {
			isa = PBXGroup;
			children = (
				8C8E77F0238846B8003F8583 /* AppDelegate.swift */,
				8C8E77F4238846B8003F8583 /* ViewController.swift */,
				8C8E77F6238846B8003F8583 /* Main.storyboard */,
				8C8E77F9238846B9003F8583 /* Assets.xcassets */,
				8C8E77FB238846B9003F8583 /* LaunchScreen.storyboard */,
				8C8E77FE238846B9003F8583 /* Info.plist */,
			);
			path = "BAC Calculator";
			sourceTree = "<group>";
		};
		8C8E7806238846B9003F8583 /* BAC CalculatorTests */ = {
			isa = PBXGroup;
			children = (
				8C8E7807238846B9003F8583 /* BAC_CalculatorTests.swift */,
				8C8E7809238846B9003F8583 /* Info.plist */,
			);
			path = "BAC CalculatorTests";
			sourceTree = "<group>";
		};
		8C8E7811238846B9003F8583 /* BAC CalculatorUITests */ = {
			isa = PBXGroup;
			children = (
				8C8E7812238846B9003F8583 /* BAC_CalculatorUITests.swift */,
				8C8E7814238846B9003F8583 /* Info.plist */,
			);
			path = "BAC CalculatorUITests";
			sourceTree = "<group>";
		};
/* End PBXGroup section */

/* Begin PBXNativeTarget section */
		8C8E77EC238846B8003F8583 /* BAC Calculator */ = {
			isa = PBXNativeTarget;
			buildConfigurationList = 8C8E7817238846B9003F8583 /* Build configuration list for PBXNativeTarget "BAC Calculator" */;
			buildPhases = (
				8C8E77E9238846B8003F8583 /* Sources */,
				8C8E77EA238846B8003F8583 /* Frameworks */,
				8C8E77EB238846B8003F8583 /* Resources */,
			);
			buildRules = (
			);
			dependencies = (
			);
			name = "BAC Calculator";
			productName = "BAC Calculator";
			productReference = 8C8E77ED238846B8003F8583 /* BAC Calculator.app */;
			productType = "com.apple.product-type.application";
		};
		8C8E7802238846B9003F8583 /* BAC CalculatorTests */ = {
			isa = PBXNativeTarget;
			buildConfigurationList = 8C8E781A238846B9003F8583 /* Build configuration list for PBXNativeTarget "BAC CalculatorTests" */;
			buildPhases = (
				8C8E77FF238846B9003F8583 /* Sources */,
				8C8E7800238846B9003F8583 /* Frameworks */,
				8C8E7801238846B9003F8583 /* Resources */,
			);
			buildRules = (
			);
			dependencies = (
				8C8E7805238846B9003F8583 /* PBXTargetDependency */,
			);
			name = "BAC CalculatorTests";
			productName = "BAC CalculatorTests";
			productReference = 8C8E7803238846B9003F8583 /* BAC CalculatorTests.xctest */;
			productType = "com.apple.product-type.bundle.unit-test";
		};
		8C8E780D238846B9003F8583 /* BAC CalculatorUITests */ = {
			isa = PBXNativeTarget;
			buildConfigurationList = 8C8E781D238846B9003F8583 /* Build configuration list for PBXNativeTarget "BAC CalculatorUITests" */;
			buildPhases = (
				8C8E780A238846B9003F8583 /* Sources */,
				8C8E780B238846B9003F8583 /* Frameworks */,
				8C8E780C238846B9003F8583 /* Resources */,
			);
			buildRules = (
			);
			dependencies = (
				8C8E7810238846B9003F8583 /* PBXTargetDependency */,
			);
			name = "BAC CalculatorUITests";
			productName = "BAC CalculatorUITests";
			productReference = 8C8E780E238846B9003F8583 /* BAC CalculatorUITests.xctest */;
			productType = "com.apple.product-type.bundle.ui-testing";
		};
/* End PBXNativeTarget section */

/* Begin PBXProject section */
		8C8E77E5238846B8003F8583 /* Project object */ = {
			isa = PBXProject;
			attributes = {
				LastSwiftUpdateCheck = 1120;
				LastUpgradeCheck = 1120;
				ORGANIZATIONNAME = "Creative Mobile Solutions";
				TargetAttributes = {
					8C8E77EC238846B8003F8583 = {
						CreatedOnToolsVersion = 11.2.1;
					};
					8C8E7802238846B9003F8583 = {
						CreatedOnToolsVersion = 11.2.1;
						TestTargetID = 8C8E77EC238846B8003F8583;
					};
					8C8E780D238846B9003F8583 = {
						CreatedOnToolsVersion = 11.2.1;
						TestTargetID = 8C8E77EC238846B8003F8583;
					};
				};
			};
			buildConfigurationList = 8C8E77E8238846B8003F8583 /* Build configuration list for PBXProject "BAC Calculator" */;
			compatibilityVersion = "Xcode 9.3";
			developmentRegion = en;
			hasScannedForEncodings = 0;
			knownRegions = (
				en,
				Base,
			);
			mainGroup = 8C8E77E4238846B8003F8583;
			productRefGroup = 8C8E77EE238846B8003F8583 /* Products */;
			projectDirPath = "";
			projectRoot = "";
			targets = (
				8C8E77EC238846B8003F8583 /* BAC Calculator */,
				8C8E7802238846B9003F8583 /* BAC CalculatorTests */,
				8C8E780D238846B9003F8583 /* BAC CalculatorUITests */,
			);
		};
/* End PBXProject section */

/* Begin PBXResourcesBuildPhase section */
		8C8E77EB238846B8003F8583 /* Resources */ = {
			isa = PBXResourcesBuildPhase;
			buildActionMask = 2147483647;
			files = (
				8C8E77FD238846B9003F8583 /* LaunchScreen.storyboard in Resources */,
				8C8E77FA238846B9003F8583 /* Assets.xcassets in Resources */,
				8C8E77F8238846B8003F8583 /* Main.storyboard in Resources */,
			);
			runOnlyForDeploymentPostprocessing = 0;
		};
		8C8E7801238846B9003F8583 /* Resources */ = {
			isa = PBXResourcesBuildPhase;
			buildActionMask = 2147483647;
			files = (
			);
			runOnlyForDeploymentPostprocessing = 0;
		};
		8C8E780C238846B9003F8583 /* Resources */ = {
			isa = PBXResourcesBuildPhase;
			buildActionMask = 2147483647;
			files = (
			);
			runOnlyForDeploymentPostprocessing = 0;
		};
/* End PBXResourcesBuildPhase section */

/* Begin PBXSourcesBuildPhase section */
		8C8E77E9238846B8003F8583 /* Sources */ = {
			isa = PBXSourcesBuildPhase;
			buildActionMask = 2147483647;
			files = (
				8C8E77F5238846B8003F8583 /* ViewController.swift in Sources */,
				8C8E77F1238846B8003F8583 /* AppDelegate.swift in Sources */,
			);
			runOnlyForDeploymentPostprocessing = 0;
		};
		8C8E77FF238846B9003F8583 /* Sources */ = {
			isa = PBXSourcesBuildPhase;
			buildActionMask = 2147483647;
			files = (
				8C8E7808238846B9003F8583 /* BAC_CalculatorTests.swift in Sources */,
			);
			runOnlyForDeploymentPostprocessing = 0;
		};
		8C8E780A238846B9003F8583 /* Sources */ = {
			isa = PBXSourcesBuildPhase;
			buildActionMask = 2147483647;
			files = (
				8C8E7813238846B9003F8583 /* BAC_CalculatorUITests.swift in Sources */,
			);
			runOnlyForDeploymentPostprocessing = 0;
		};
/* End PBXSourcesBuildPhase section */

/* Begin PBXTargetDependency section */
		8C8E7805238846B9003F8583 /* PBXTargetDependency */ = {
			isa = PBXTargetDependency;
			target = 8C8E77EC238846B8003F8583 /* BAC Calculator */;
			targetProxy = 8C8E7804238846B9003F8583 /* PBXContainerItemProxy */;
		};
		8C8E7810238846B9003F8583 /* PBXTargetDependency */ = {
			isa = PBXTargetDependency;
			target = 8C8E77EC238846B8003F8583 /* BAC Calculator */;
			targetProxy = 8C8E780F238846B9003F8583 /* PBXContainerItemProxy */;
		};
/* End PBXTargetDependency section */

/* Begin PBXVariantGroup section */
		8C8E77F6238846B8003F8583 /* Main.storyboard */ = {
			isa = PBXVariantGroup;
			children = (
				8C8E77F7238846B8003F8583 /* Base */,
			);
			name = Main.storyboard;
			sourceTree = "<group>";
		};
		8C8E77FB238846B9003F8583 /* LaunchScreen.storyboard */ = {
			isa = PBXVariantGroup;
			children = (
				8C8E77FC238846B9003F8583 /* Base */,
			);
			name = LaunchScreen.storyboard;
			sourceTree = "<group>";
		};
/* End PBXVariantGroup section */

/* Begin XCBuildConfiguration section */
		8C8E7815238846B9003F8583 /* Debug */ = {
			isa = XCBuildConfiguration;
			buildSettings = {
				ALWAYS_SEARCH_USER_PATHS = NO;
				CLANG_ANALYZER_NONNULL = YES;
				CLANG_ANALYZER_NUMBER_OBJECT_CONVERSION = YES_AGGRESSIVE;
				CLANG_CXX_LANGUAGE_STANDARD = "gnu++14";
				CLANG_CXX_LIBRARY = "libc++";
				CLANG_ENABLE_MODULES = YES;
				CLANG_ENABLE_OBJC_ARC = YES;
				CLANG_ENABLE_OBJC_WEAK = YES;
				CLANG_WARN_BLOCK_CAPTURE_AUTORELEASING = YES;
				CLANG_WARN_BOOL_CONVERSION = YES;
				CLANG_WARN_COMMA = YES;
				CLANG_WARN_CONSTANT_CONVERSION = YES;
				CLANG_WARN_DEPRECATED_OBJC_IMPLEMENTATIONS = YES;
				CLANG_WARN_DIRECT_OBJC_ISA_USAGE = YES_ERROR;
				CLANG_WARN_DOCUMENTATION_COMMENTS = YES;
				CLANG_WARN_EMPTY_BODY = YES;
				CLANG_WARN_ENUM_CONVERSION = YES;
				CLANG_WARN_INFINITE_RECURSION = YES;
				CLANG_WARN_INT_CONVERSION = YES;
				CLANG_WARN_NON_LITERAL_NULL_CONVERSION = YES;
				CLANG_WARN_OBJC_IMPLICIT_RETAIN_SELF = YES;
				CLANG_WARN_OBJC_LITERAL_CONVERSION = YES;
				CLANG_WARN_OBJC_ROOT_CLASS = YES_ERROR;
				CLANG_WARN_RANGE_LOOP_ANALYSIS = YES;
				CLANG_WARN_STRICT_PROTOTYPES = YES;
				CLANG_WARN_SUSPICIOUS_MOVE = YES;
				CLANG_WARN_UNGUARDED_AVAILABILITY = YES_AGGRESSIVE;
				CLANG_WARN_UNREACHABLE_CODE = YES;
				CLANG_WARN__DUPLICATE_METHOD_MATCH = YES;
				COPY_PHASE_STRIP = NO;
				DEBUG_INFORMATION_FORMAT = dwarf;
				ENABLE_STRICT_OBJC_MSGSEND = YES;
				ENABLE_TESTABILITY = YES;
				GCC_C_LANGUAGE_STANDARD = gnu11;
				GCC_DYNAMIC_NO_PIC = NO;
				GCC_NO_COMMON_BLOCKS = YES;
				GCC_OPTIMIZATION_LEVEL = 0;
				GCC_PREPROCESSOR_DEFINITIONS = (
					"DEBUG=1",
					"$(inherited)",
				);
				GCC_WARN_64_TO_32_BIT_CONVERSION = YES;
				GCC_WARN_ABOUT_RETURN_TYPE = YES_ERROR;
				GCC_WARN_UNDECLARED_SELECTOR = YES;
				GCC_WARN_UNINITIALIZED_AUTOS = YES_AGGRESSIVE;
				GCC_WARN_UNUSED_FUNCTION = YES;
				GCC_WARN_UNUSED_VARIABLE = YES;
				IPHONEOS_DEPLOYMENT_TARGET = 13.2;
				MTL_ENABLE_DEBUG_INFO = INCLUDE_SOURCE;
				MTL_FAST_MATH = YES;
				ONLY_ACTIVE_ARCH = YES;
				SDKROOT = iphoneos;
				SWIFT_ACTIVE_COMPILATION_CONDITIONS = DEBUG;
				SWIFT_OPTIMIZATION_LEVEL = "-Onone";
			};
			name = Debug;
		};
		8C8E7816238846B9003F8583 /* Release */ = {
			isa = XCBuildConfiguration;
			buildSettings = {
				ALWAYS_SEARCH_USER_PATHS = NO;
				CLANG_ANALYZER_NONNULL = YES;
				CLANG_ANALYZER_NUMBER_OBJECT_CONVERSION = YES_AGGRESSIVE;
				CLANG_CXX_LANGUAGE_STANDARD = "gnu++14";
				CLANG_CXX_LIBRARY = "libc++";
				CLANG_ENABLE_MODULES = YES;
				CLANG_ENABLE_OBJC_ARC = YES;
				CLANG_ENABLE_OBJC_WEAK = YES;
				CLANG_WARN_BLOCK_CAPTURE_AUTORELEASING = YES;
				CLANG_WARN_BOOL_CONVERSION = YES;
				CLANG_WARN_COMMA = YES;
				CLANG_WARN_CONSTANT_CONVERSION = YES;
				CLANG_WARN_DEPRECATED_OBJC_IMPLEMENTATIONS = YES;
				CLANG_WARN_DIRECT_OBJC_ISA_USAGE = YES_ERROR;
				CLANG_WARN_DOCUMENTATION_COMMENTS = YES;
				CLANG_WARN_EMPTY_BODY = YES;
				CLANG_WARN_ENUM_CONVERSION = YES;
				CLANG_WARN_INFINITE_RECURSION = YES;
				CLANG_WARN_INT_CONVERSION = YES;
				CLANG_WARN_NON_LITERAL_NULL_CONVERSION = YES;
				CLANG_WARN_OBJC_IMPLICIT_RETAIN_SELF = YES;
				CLANG_WARN_OBJC_LITERAL_CONVERSION = YES;
				CLANG_WARN_OBJC_ROOT_CLASS = YES_ERROR;
				CLANG_WARN_RANGE_LOOP_ANALYSIS = YES;
				CLANG_WARN_STRICT_PROTOTYPES = YES;
				CLANG_WARN_SUSPICIOUS_MOVE = YES;
				CLANG_WARN_UNGUARDED_AVAILABILITY = YES_AGGRESSIVE;
				CLANG_WARN_UNREACHABLE_CODE = YES;
				CLANG_WARN__DUPLICATE_METHOD_MATCH = YES;
				COPY_PHASE_STRIP = NO;
				DEBUG_INFORMATION_FORMAT = "dwarf-with-dsym";
				ENABLE_NS_ASSERTIONS = NO;
				ENABLE_STRICT_OBJC_MSGSEND = YES;
				GCC_C_LANGUAGE_STANDARD = gnu11;
				GCC_NO_COMMON_BLOCKS = YES;
				GCC_WARN_64_TO_32_BIT_CONVERSION = YES;
				GCC_WARN_ABOUT_RETURN_TYPE = YES_ERROR;
				GCC_WARN_UNDECLARED_SELECTOR = YES;
				GCC_WARN_UNINITIALIZED_AUTOS = YES_AGGRESSIVE;
				GCC_WARN_UNUSED_FUNCTION = YES;
				GCC_WARN_UNUSED_VARIABLE = YES;
				IPHONEOS_DEPLOYMENT_TARGET = 13.2;
				MTL_ENABLE_DEBUG_INFO = NO;
				MTL_FAST_MATH = YES;
				SDKROOT = iphoneos;
				SWIFT_COMPILATION_MODE = wholemodule;
				SWIFT_OPTIMIZATION_LEVEL = "-O";
				VALIDATE_PRODUCT = YES;
			};
			name = Release;
		};
		8C8E7818238846B9003F8583 /* Debug */ = {
			isa = XCBuildConfiguration;
			buildSettings = {
				ASSETCATALOG_COMPILER_APPICON_NAME = AppIcon;
				CODE_SIGN_STYLE = Automatic;
				INFOPLIST_FILE = "BAC Calculator/Info.plist";
				IPHONEOS_DEPLOYMENT_TARGET = 12.4;
				LD_RUNPATH_SEARCH_PATHS = (
					"$(inherited)",
					"@executable_path/Frameworks",
				);
				PRODUCT_BUNDLE_IDENTIFIER = "CMS.BAC-Calculator";
				PRODUCT_NAME = "$(TARGET_NAME)";
				SWIFT_VERSION = 5.0;
				TARGETED_DEVICE_FAMILY = 1;
			};
			name = Debug;
		};
		8C8E7819238846B9003F8583 /* Release */ = {
			isa = XCBuildConfiguration;
			buildSettings = {
				ASSETCATALOG_COMPILER_APPICON_NAME = AppIcon;
				CODE_SIGN_STYLE = Automatic;
				INFOPLIST_FILE = "BAC Calculator/Info.plist";
				IPHONEOS_DEPLOYMENT_TARGET = 12.4;
				LD_RUNPATH_SEARCH_PATHS = (
					"$(inherited)",
					"@executable_path/Frameworks",
				);
				PRODUCT_BUNDLE_IDENTIFIER = "CMS.BAC-Calculator";
				PRODUCT_NAME = "$(TARGET_NAME)";
				SWIFT_VERSION = 5.0;
				TARGETED_DEVICE_FAMILY = 1;
			};
			name = Release;
		};
		8C8E781B238846B9003F8583 /* Debug */ = {
			isa = XCBuildConfiguration;
			buildSettings = {
				ALWAYS_EMBED_SWIFT_STANDARD_LIBRARIES = YES;
				BUNDLE_LOADER = "$(TEST_HOST)";
				CODE_SIGN_STYLE = Automatic;
				INFOPLIST_FILE = "BAC CalculatorTests/Info.plist";
				IPHONEOS_DEPLOYMENT_TARGET = 13.2;
				LD_RUNPATH_SEARCH_PATHS = (
					"$(inherited)",
					"@executable_path/Frameworks",
					"@loader_path/Frameworks",
				);
				PRODUCT_BUNDLE_IDENTIFIER = "CMS.BAC-CalculatorTests";
				PRODUCT_NAME = "$(TARGET_NAME)";
				SWIFT_VERSION = 5.0;
				TARGETED_DEVICE_FAMILY = "1,2";
				TEST_HOST = "$(BUILT_PRODUCTS_DIR)/BAC Calculator.app/BAC Calculator";
			};
			name = Debug;
		};
		8C8E781C238846B9003F8583 /* Release */ = {
			isa = XCBuildConfiguration;
			buildSettings = {
				ALWAYS_EMBED_SWIFT_STANDARD_LIBRARIES = YES;
				BUNDLE_LOADER = "$(TEST_HOST)";
				CODE_SIGN_STYLE = Automatic;
				INFOPLIST_FILE = "BAC CalculatorTests/Info.plist";
				IPHONEOS_DEPLOYMENT_TARGET = 13.2;
				LD_RUNPATH_SEARCH_PATHS = (
					"$(inherited)",
					"@executable_path/Frameworks",
					"@loader_path/Frameworks",
				);
				PRODUCT_BUNDLE_IDENTIFIER = "CMS.BAC-CalculatorTests";
				PRODUCT_NAME = "$(TARGET_NAME)";
				SWIFT_VERSION = 5.0;
				TARGETED_DEVICE_FAMILY = "1,2";
				TEST_HOST = "$(BUILT_PRODUCTS_DIR)/BAC Calculator.app/BAC Calculator";
			};
			name = Release;
		};
		8C8E781E238846B9003F8583 /* Debug */ = {
			isa = XCBuildConfiguration;
			buildSettings = {
				ALWAYS_EMBED_SWIFT_STANDARD_LIBRARIES = YES;
				CODE_SIGN_STYLE = Automatic;
				INFOPLIST_FILE = "BAC CalculatorUITests/Info.plist";
				LD_RUNPATH_SEARCH_PATHS = (
					"$(inherited)",
					"@executable_path/Frameworks",
					"@loader_path/Frameworks",
				);
				PRODUCT_BUNDLE_IDENTIFIER = "CMS.BAC-CalculatorUITests";
				PRODUCT_NAME = "$(TARGET_NAME)";
				SWIFT_VERSION = 5.0;
				TARGETED_DEVICE_FAMILY = "1,2";
				TEST_TARGET_NAME = "BAC Calculator";
			};
			name = Debug;
		};
		8C8E781F238846B9003F8583 /* Release */ = {
			isa = XCBuildConfiguration;
			buildSettings = {
				ALWAYS_EMBED_SWIFT_STANDARD_LIBRARIES = YES;
				CODE_SIGN_STYLE = Automatic;
				INFOPLIST_FILE = "BAC CalculatorUITests/Info.plist";
				LD_RUNPATH_SEARCH_PATHS = (
					"$(inherited)",
					"@executable_path/Frameworks",
					"@loader_path/Frameworks",
				);
				PRODUCT_BUNDLE_IDENTIFIER = "CMS.BAC-CalculatorUITests";
				PRODUCT_NAME = "$(TARGET_NAME)";
				SWIFT_VERSION = 5.0;
				TARGETED_DEVICE_FAMILY = "1,2";
				TEST_TARGET_NAME = "BAC Calculator";
			};
			name = Release;
		};
/* End XCBuildConfiguration section */

/* Begin XCConfigurationList section */
		8C8E77E8238846B8003F8583 /* Build configuration list for PBXProject "BAC Calculator" */ = {
			isa = XCConfigurationList;
			buildConfigurations = (
				8C8E7815238846B9003F8583 /* Debug */,
				8C8E7816238846B9003F8583 /* Release */,
			);
			defaultConfigurationIsVisible = 0;
			defaultConfigurationName = Release;
		};
		8C8E7817238846B9003F8583 /* Build configuration list for PBXNativeTarget "BAC Calculator" */ = {
			isa = XCConfigurationList;
			buildConfigurations = (
				8C8E7818238846B9003F8583 /* Debug */,
				8C8E7819238846B9003F8583 /* Release */,
			);
			defaultConfigurationIsVisible = 0;
			defaultConfigurationName = Release;
		};
		8C8E781A238846B9003F8583 /* Build configuration list for PBXNativeTarget "BAC CalculatorTests" */ = {
			isa = XCConfigurationList;
			buildConfigurations = (
				8C8E781B238846B9003F8583 /* Debug */,
				8C8E781C238846B9003F8583 /* Release */,
			);
			defaultConfigurationIsVisible = 0;
			defaultConfigurationName = Release;
		};
		8C8E781D238846B9003F8583 /* Build configuration list for PBXNativeTarget "BAC CalculatorUITests" */ = {
			isa = XCConfigurationList;
			buildConfigurations = (
				8C8E781E238846B9003F8583 /* Debug */,
				8C8E781F238846B9003F8583 /* Release */,
			);
			defaultConfigurationIsVisible = 0;
			defaultConfigurationName = Release;
		};
/* End XCConfigurationList section */
	};
	rootObject = 8C8E77E5238846B8003F8583 /* Project object */;
}
